
Microsoft Visual Studio Solution File, Format Version 12.00
# Visual Studio Version 17
VisualStudioVersion = 17.5.33530.505
MinimumVisualStudioVersion = 10.0.40219.1
Project("{FAE04EC0-301F-11D3-BF4B-00C04F79EFBC}") = "Laba_07_CsharpCalc_UnitTests", "Laba_06_CsharpCalc_UnitTests\Laba_07_CsharpCalc_UnitTests.csproj", "{1D11F110-D521-4450-BB1C-6345588C642D}"
EndProject
Project("{FAE04EC0-301F-11D3-BF4B-00C04F79EFBC}") = "NutinCalcTest", "NutinCalcTest\NutinCalcTest.csproj", "{59A715D2-DE45-48D9-9101-6BE402E64240}"
EndProject
Global
	GlobalSection(SolutionConfigurationPlatforms) = preSolution
		Debug|Any CPU = Debug|Any CPU
		Release|Any CPU = Release|Any CPU
	EndGlobalSection
	GlobalSection(ProjectConfigurationPlatforms) = postSolution
		{1D11F110-D521-4450-BB1C-6345588C642D}.Debug|Any CPU.ActiveCfg = Debug|Any CPU
		{1D11F110-D521-4450-BB1C-6345588C642D}.Debug|Any CPU.Build.0 = Debug|Any CPU
		{1D11F110-D521-4450-BB1C-6345588C642D}.Release|Any CPU.ActiveCfg = Release|Any CPU
		{1D11F110-D521-4450-BB1C-6345588C642D}.Release|Any CPU.Build.0 = Release|Any CPU
		{59A715D2-DE45-48D9-9101-6BE402E64240}.Debug|Any CPU.ActiveCfg = Debug|Any CPU
		{59A715D2-DE45-48D9-9101-6BE402E64240}.Debug|Any CPU.Build.0 = Debug|Any CPU
		{59A715D2-DE45-48D9-9101-6BE402E64240}.Release|Any CPU.ActiveCfg = Release|Any CPU
		{59A715D2-DE45-48D9-9101-6BE402E64240}.Release|Any CPU.Build.0 = Release|Any CPU
	EndGlobalSection
	GlobalSection(SolutionProperties) = preSolution
		HideSolutionNode = FALSE
	EndGlobalSection
	GlobalSection(ExtensibilityGlobals) = postSolution
		SolutionGuid = {F2FD6E60-B81B-4116-BE2A-44DD79386F4F}
	EndGlobalSection
EndGlobal
